
Microsoft Visual Studio Solution File, Format Version 12.00
# Visual Studio 15
VisualStudioVersion = 15.0.28307.757
MinimumVisualStudioVersion = 10.0.40219.1
Project("{FAE04EC0-301F-11D3-BF4B-00C04F79EFBC}") = "OJSTech.Android", "OJSTech\OJSTech.Android\OJSTech.Android.csproj", "{97351D48-AEE7-4352-AE9D-E6814BF14CF0}"
EndProject
Project("{FAE04EC0-301F-11D3-BF4B-00C04F79EFBC}") = "OJSTech.iOS", "OJSTech\OJSTech.iOS\OJSTech.iOS.csproj", "{DC9DE248-0F8D-48CF-906E-2B6F0714DC14}"
EndProject
Project("{FAE04EC0-301F-11D3-BF4B-00C04F79EFBC}") = "OJSTech.UWP", "OJSTech\OJSTech.UWP\OJSTech.UWP.csproj", "{A35EB597-6BBE-48E1-911B-A7596AD059C1}"
EndProject
Project("{FAE04EC0-301F-11D3-BF4B-00C04F79EFBC}") = "OJSTech", "OJSTech\OJSTech\OJSTech.csproj", "{A3449229-71D6-4301-9333-97E26048CFD8}"
EndProject
Global
	GlobalSection(SolutionConfigurationPlatforms) = preSolution
		Ad-Hoc|Any CPU = Ad-Hoc|Any CPU
		Ad-Hoc|ARM = Ad-Hoc|ARM
		Ad-Hoc|iPhone = Ad-Hoc|iPhone
		Ad-Hoc|iPhoneSimulator = Ad-Hoc|iPhoneSimulator
		Ad-Hoc|x64 = Ad-Hoc|x64
		Ad-Hoc|x86 = Ad-Hoc|x86
		AppStore|Any CPU = AppStore|Any CPU
		AppStore|ARM = AppStore|ARM
		AppStore|iPhone = AppStore|iPhone
		AppStore|iPhoneSimulator = AppStore|iPhoneSimulator
		AppStore|x64 = AppStore|x64
		AppStore|x86 = AppStore|x86
		Debug|Any CPU = Debug|Any CPU
		Debug|ARM = Debug|ARM
		Debug|iPhone = Debug|iPhone
		Debug|iPhoneSimulator = Debug|iPhoneSimulator
		Debug|x64 = Debug|x64
		Debug|x86 = Debug|x86
		Release|Any CPU = Release|Any CPU
		Release|ARM = Release|ARM
		Release|iPhone = Release|iPhone
		Release|iPhoneSimulator = Release|iPhoneSimulator
		Release|x64 = Release|x64
		Release|x86 = Release|x86
	EndGlobalSection
	GlobalSection(ProjectConfigurationPlatforms) = postSolution
		{97351D48-AEE7-4352-AE9D-E6814BF14CF0}.Ad-Hoc|Any CPU.ActiveCfg = Release|Any CPU
		{97351D48-AEE7-4352-AE9D-E6814BF14CF0}.Ad-Hoc|Any CPU.Build.0 = Release|Any CPU
		{97351D48-AEE7-4352-AE9D-E6814BF14CF0}.Ad-Hoc|Any CPU.Deploy.0 = Release|Any CPU
		{97351D48-AEE7-4352-AE9D-E6814BF14CF0}.Ad-Hoc|ARM.ActiveCfg = Release|Any CPU
		{97351D48-AEE7-4352-AE9D-E6814BF14CF0}.Ad-Hoc|ARM.Build.0 = Release|Any CPU
		{97351D48-AEE7-4352-AE9D-E6814BF14CF0}.Ad-Hoc|ARM.Deploy.0 = Release|Any CPU
		{97351D48-AEE7-4352-AE9D-E6814BF14CF0}.Ad-Hoc|iPhone.ActiveCfg = Release|Any CPU
		{97351D48-AEE7-4352-AE9D-E6814BF14CF0}.Ad-Hoc|iPhone.Build.0 = Release|Any CPU
		{97351D48-AEE7-4352-AE9D-E6814BF14CF0}.Ad-Hoc|iPhone.Deploy.0 = Release|Any CPU
		{97351D48-AEE7-4352-AE9D-E6814BF14CF0}.Ad-Hoc|iPhoneSimulator.ActiveCfg = Release|Any CPU
		{97351D48-AEE7-4352-AE9D-E6814BF14CF0}.Ad-Hoc|iPhoneSimulator.Build.0 = Release|Any CPU
		{97351D48-AEE7-4352-AE9D-E6814BF14CF0}.Ad-Hoc|iPhoneSimulator.Deploy.0 = Release|Any CPU
		{97351D48-AEE7-4352-AE9D-E6814BF14CF0}.Ad-Hoc|x64.ActiveCfg = Release|Any CPU
		{97351D48-AEE7-4352-AE9D-E6814BF14CF0}.Ad-Hoc|x64.Build.0 = Release|Any CPU
		{97351D48-AEE7-4352-AE9D-E6814BF14CF0}.Ad-Hoc|x64.Deploy.0 = Release|Any CPU
		{97351D48-AEE7-4352-AE9D-E6814BF14CF0}.Ad-Hoc|x86.ActiveCfg = Release|Any CPU
		{97351D48-AEE7-4352-AE9D-E6814BF14CF0}.Ad-Hoc|x86.Build.0 = Release|Any CPU
		{97351D48-AEE7-4352-AE9D-E6814BF14CF0}.Ad-Hoc|x86.Deploy.0 = Release|Any CPU
		{97351D48-AEE7-4352-AE9D-E6814BF14CF0}.AppStore|Any CPU.ActiveCfg = Release|Any CPU
		{97351D48-AEE7-4352-AE9D-E6814BF14CF0}.AppStore|Any CPU.Build.0 = Release|Any CPU
		{97351D48-AEE7-4352-AE9D-E6814BF14CF0}.AppStore|Any CPU.Deploy.0 = Release|Any CPU
		{97351D48-AEE7-4352-AE9D-E6814BF14CF0}.AppStore|ARM.ActiveCfg = Release|Any CPU
		{97351D48-AEE7-4352-AE9D-E6814BF14CF0}.AppStore|ARM.Build.0 = Release|Any CPU
		{97351D48-AEE7-4352-AE9D-E6814BF14CF0}.AppStore|ARM.Deploy.0 = Release|Any CPU
		{97351D48-AEE7-4352-AE9D-E6814BF14CF0}.AppStore|iPhone.ActiveCfg = Release|Any CPU
		{97351D48-AEE7-4352-AE9D-E6814BF14CF0}.AppStore|iPhone.Build.0 = Release|Any CPU
		{97351D48-AEE7-4352-AE9D-E6814BF14CF0}.AppStore|iPhone.Deploy.0 = Release|Any CPU
		{97351D48-AEE7-4352-AE9D-E6814BF14CF0}.AppStore|iPhoneSimulator.ActiveCfg = Release|Any CPU
		{97351D48-AEE7-4352-AE9D-E6814BF14CF0}.AppStore|iPhoneSimulator.Build.0 = Release|Any CPU
		{97351D48-AEE7-4352-AE9D-E6814BF14CF0}.AppStore|iPhoneSimulator.Deploy.0 = Release|Any CPU
		{97351D48-AEE7-4352-AE9D-E6814BF14CF0}.AppStore|x64.ActiveCfg = Release|Any CPU
		{97351D48-AEE7-4352-AE9D-E6814BF14CF0}.AppStore|x64.Build.0 = Release|Any CPU
		{97351D48-AEE7-4352-AE9D-E6814BF14CF0}.AppStore|x64.Deploy.0 = Release|Any CPU
		{97351D48-AEE7-4352-AE9D-E6814BF14CF0}.AppStore|x86.ActiveCfg = Release|Any CPU
		{97351D48-AEE7-4352-AE9D-E6814BF14CF0}.AppStore|x86.Build.0 = Release|Any CPU
		{97351D48-AEE7-4352-AE9D-E6814BF14CF0}.AppStore|x86.Deploy.0 = Release|Any CPU
		{97351D48-AEE7-4352-AE9D-E6814BF14CF0}.Debug|Any CPU.ActiveCfg = Debug|Any CPU
		{97351D48-AEE7-4352-AE9D-E6814BF14CF0}.Debug|Any CPU.Build.0 = Debug|Any CPU
		{97351D48-AEE7-4352-AE9D-E6814BF14CF0}.Debug|Any CPU.Deploy.0 = Debug|Any CPU
		{97351D48-AEE7-4352-AE9D-E6814BF14CF0}.Debug|ARM.ActiveCfg = Debug|Any CPU
		{97351D48-AEE7-4352-AE9D-E6814BF14CF0}.Debug|ARM.Build.0 = Debug|Any CPU
		{97351D48-AEE7-4352-AE9D-E6814BF14CF0}.Debug|ARM.Deploy.0 = Debug|Any CPU
		{97351D48-AEE7-4352-AE9D-E6814BF14CF0}.Debug|iPhone.ActiveCfg = Debug|Any CPU
		{97351D48-AEE7-4352-AE9D-E6814BF14CF0}.Debug|iPhone.Build.0 = Debug|Any CPU
		{97351D48-AEE7-4352-AE9D-E6814BF14CF0}.Debug|iPhone.Deploy.0 = Debug|Any CPU
		{97351D48-AEE7-4352-AE9D-E6814BF14CF0}.Debug|iPhoneSimulator.ActiveCfg = Debug|Any CPU
		{97351D48-AEE7-4352-AE9D-E6814BF14CF0}.Debug|iPhoneSimulator.Build.0 = Debug|Any CPU
		{97351D48-AEE7-4352-AE9D-E6814BF14CF0}.Debug|iPhoneSimulator.Deploy.0 = Debug|Any CPU
		{97351D48-AEE7-4352-AE9D-E6814BF14CF0}.Debug|x64.ActiveCfg = Debug|Any CPU
		{97351D48-AEE7-4352-AE9D-E6814BF14CF0}.Debug|x64.Build.0 = Debug|Any CPU
		{97351D48-AEE7-4352-AE9D-E6814BF14CF0}.Debug|x64.Deploy.0 = Debug|Any CPU
		{97351D48-AEE7-4352-AE9D-E6814BF14CF0}.Debug|x86.ActiveCfg = Debug|Any CPU
		{97351D48-AEE7-4352-AE9D-E6814BF14CF0}.Debug|x86.Build.0 = Debug|Any CPU
		{97351D48-AEE7-4352-AE9D-E6814BF14CF0}.Debug|x86.Deploy.0 = Debug|Any CPU
		{97351D48-AEE7-4352-AE9D-E6814BF14CF0}.Release|Any CPU.ActiveCfg = Release|Any CPU
		{97351D48-AEE7-4352-AE9D-E6814BF14CF0}.Release|Any CPU.Build.0 = Release|Any CPU
		{97351D48-AEE7-4352-AE9D-E6814BF14CF0}.Release|Any CPU.Deploy.0 = Release|Any CPU
		{97351D48-AEE7-4352-AE9D-E6814BF14CF0}.Release|ARM.ActiveCfg = Release|Any CPU
		{97351D48-AEE7-4352-AE9D-E6814BF14CF0}.Release|ARM.Build.0 = Release|Any CPU
		{97351D48-AEE7-4352-AE9D-E6814BF14CF0}.Release|ARM.Deploy.0 = Release|Any CPU
		{97351D48-AEE7-4352-AE9D-E6814BF14CF0}.Release|iPhone.ActiveCfg = Release|Any CPU
		{97351D48-AEE7-4352-AE9D-E6814BF14CF0}.Release|iPhone.Build.0 = Release|Any CPU
		{97351D48-AEE7-4352-AE9D-E6814BF14CF0}.Release|iPhone.Deploy.0 = Release|Any CPU
		{97351D48-AEE7-4352-AE9D-E6814BF14CF0}.Release|iPhoneSimulator.ActiveCfg = Release|Any CPU
		{97351D48-AEE7-4352-AE9D-E6814BF14CF0}.Release|iPhoneSimulator.Build.0 = Release|Any CPU
		{97351D48-AEE7-4352-AE9D-E6814BF14CF0}.Release|iPhoneSimulator.Deploy.0 = Release|Any CPU
		{97351D48-AEE7-4352-AE9D-E6814BF14CF0}.Release|x64.ActiveCfg = Release|Any CPU
		{97351D48-AEE7-4352-AE9D-E6814BF14CF0}.Release|x64.Build.0 = Release|Any CPU
		{97351D48-AEE7-4352-AE9D-E6814BF14CF0}.Release|x64.Deploy.0 = Release|Any CPU
		{97351D48-AEE7-4352-AE9D-E6814BF14CF0}.Release|x86.ActiveCfg = Release|Any CPU
		{97351D48-AEE7-4352-AE9D-E6814BF14CF0}.Release|x86.Build.0 = Release|Any CPU
		{97351D48-AEE7-4352-AE9D-E6814BF14CF0}.Release|x86.Deploy.0 = Release|Any CPU
		{DC9DE248-0F8D-48CF-906E-2B6F0714DC14}.Ad-Hoc|Any CPU.ActiveCfg = Ad-Hoc|iPhone
		{DC9DE248-0F8D-48CF-906E-2B6F0714DC14}.Ad-Hoc|Any CPU.Build.0 = Ad-Hoc|iPhone
		{DC9DE248-0F8D-48CF-906E-2B6F0714DC14}.Ad-Hoc|Any CPU.Deploy.0 = Ad-Hoc|iPhone
		{DC9DE248-0F8D-48CF-906E-2B6F0714DC14}.Ad-Hoc|ARM.ActiveCfg = Ad-Hoc|iPhone
		{DC9DE248-0F8D-48CF-906E-2B6F0714DC14}.Ad-Hoc|ARM.Build.0 = Ad-Hoc|iPhone
		{DC9DE248-0F8D-48CF-906E-2B6F0714DC14}.Ad-Hoc|ARM.Deploy.0 = Ad-Hoc|iPhone
		{DC9DE248-0F8D-48CF-906E-2B6F0714DC14}.Ad-Hoc|iPhone.ActiveCfg = Ad-Hoc|iPhone
		{DC9DE248-0F8D-48CF-906E-2B6F0714DC14}.Ad-Hoc|iPhone.Build.0 = Ad-Hoc|iPhone
		{DC9DE248-0F8D-48CF-906E-2B6F0714DC14}.Ad-Hoc|iPhone.Deploy.0 = Ad-Hoc|iPhone
		{DC9DE248-0F8D-48CF-906E-2B6F0714DC14}.Ad-Hoc|iPhoneSimulator.ActiveCfg = Ad-Hoc|iPhoneSimulator
		{DC9DE248-0F8D-48CF-906E-2B6F0714DC14}.Ad-Hoc|iPhoneSimulator.Build.0 = Ad-Hoc|iPhoneSimulator
		{DC9DE248-0F8D-48CF-906E-2B6F0714DC14}.Ad-Hoc|iPhoneSimulator.Deploy.0 = Ad-Hoc|iPhoneSimulator
		{DC9DE248-0F8D-48CF-906E-2B6F0714DC14}.Ad-Hoc|x64.ActiveCfg = Ad-Hoc|iPhone
		{DC9DE248-0F8D-48CF-906E-2B6F0714DC14}.Ad-Hoc|x64.Build.0 = Ad-Hoc|iPhone
		{DC9DE248-0F8D-48CF-906E-2B6F0714DC14}.Ad-Hoc|x64.Deploy.0 = Ad-Hoc|iPhone
		{DC9DE248-0F8D-48CF-906E-2B6F0714DC14}.Ad-Hoc|x86.ActiveCfg = Ad-Hoc|iPhone
		{DC9DE248-0F8D-48CF-906E-2B6F0714DC14}.Ad-Hoc|x86.Build.0 = Ad-Hoc|iPhone
		{DC9DE248-0F8D-48CF-906E-2B6F0714DC14}.Ad-Hoc|x86.Deploy.0 = Ad-Hoc|iPhone
		{DC9DE248-0F8D-48CF-906E-2B6F0714DC14}.AppStore|Any CPU.ActiveCfg = AppStore|iPhone
		{DC9DE248-0F8D-48CF-906E-2B6F0714DC14}.AppStore|Any CPU.Build.0 = AppStore|iPhone
		{DC9DE248-0F8D-48CF-906E-2B6F0714DC14}.AppStore|Any CPU.Deploy.0 = AppStore|iPhone
		{DC9DE248-0F8D-48CF-906E-2B6F0714DC14}.AppStore|ARM.ActiveCfg = AppStore|iPhone
		{DC9DE248-0F8D-48CF-906E-2B6F0714DC14}.AppStore|ARM.Build.0 = AppStore|iPhone
		{DC9DE248-0F8D-48CF-906E-2B6F0714DC14}.AppStore|ARM.Deploy.0 = AppStore|iPhone
		{DC9DE248-0F8D-48CF-906E-2B6F0714DC14}.AppStore|iPhone.ActiveCfg = AppStore|iPhone
		{DC9DE248-0F8D-48CF-906E-2B6F0714DC14}.AppStore|iPhone.Build.0 = AppStore|iPhone
		{DC9DE248-0F8D-48CF-906E-2B6F0714DC14}.AppStore|iPhone.Deploy.0 = AppStore|iPhone
		{DC9DE248-0F8D-48CF-906E-2B6F0714DC14}.AppStore|iPhoneSimulator.ActiveCfg = AppStore|iPhoneSimulator
		{DC9DE248-0F8D-48CF-906E-2B6F0714DC14}.AppStore|iPhoneSimulator.Build.0 = AppStore|iPhoneSimulator
		{DC9DE248-0F8D-48CF-906E-2B6F0714DC14}.AppStore|iPhoneSimulator.Deploy.0 = AppStore|iPhoneSimulator
		{DC9DE248-0F8D-48CF-906E-2B6F0714DC14}.AppStore|x64.ActiveCfg = AppStore|iPhone
		{DC9DE248-0F8D-48CF-906E-2B6F0714DC14}.AppStore|x64.Build.0 = AppStore|iPhone
		{DC9DE248-0F8D-48CF-906E-2B6F0714DC14}.AppStore|x64.Deploy.0 = AppStore|iPhone
		{DC9DE248-0F8D-48CF-906E-2B6F0714DC14}.AppStore|x86.ActiveCfg = AppStore|iPhone
		{DC9DE248-0F8D-48CF-906E-2B6F0714DC14}.AppStore|x86.Build.0 = AppStore|iPhone
		{DC9DE248-0F8D-48CF-906E-2B6F0714DC14}.AppStore|x86.Deploy.0 = AppStore|iPhone
		{DC9DE248-0F8D-48CF-906E-2B6F0714DC14}.Debug|Any CPU.ActiveCfg = Debug|iPhoneSimulator
		{DC9DE248-0F8D-48CF-906E-2B6F0714DC14}.Debug|Any CPU.Build.0 = Debug|iPhoneSimulator
		{DC9DE248-0F8D-48CF-906E-2B6F0714DC14}.Debug|Any CPU.Deploy.0 = Debug|iPhoneSimulator
		{DC9DE248-0F8D-48CF-906E-2B6F0714DC14}.Debug|ARM.ActiveCfg = Debug|iPhone
		{DC9DE248-0F8D-48CF-906E-2B6F0714DC14}.Debug|ARM.Build.0 = Debug|iPhone
		{DC9DE248-0F8D-48CF-906E-2B6F0714DC14}.Debug|ARM.Deploy.0 = Debug|iPhone
		{DC9DE248-0F8D-48CF-906E-2B6F0714DC14}.Debug|iPhone.ActiveCfg = Debug|iPhone
		{DC9DE248-0F8D-48CF-906E-2B6F0714DC14}.Debug|iPhone.Build.0 = Debug|iPhone
		{DC9DE248-0F8D-48CF-906E-2B6F0714DC14}.Debug|iPhone.Deploy.0 = Debug|iPhone
		{DC9DE248-0F8D-48CF-906E-2B6F0714DC14}.Debug|iPhoneSimulator.ActiveCfg = Debug|iPhoneSimulator
		{DC9DE248-0F8D-48CF-906E-2B6F0714DC14}.Debug|iPhoneSimulator.Build.0 = Debug|iPhoneSimulator
		{DC9DE248-0F8D-48CF-906E-2B6F0714DC14}.Debug|iPhoneSimulator.Deploy.0 = Debug|iPhoneSimulator
		{DC9DE248-0F8D-48CF-906E-2B6F0714DC14}.Debug|x64.ActiveCfg = Debug|iPhone
		{DC9DE248-0F8D-48CF-906E-2B6F0714DC14}.Debug|x64.Build.0 = Debug|iPhone
		{DC9DE248-0F8D-48CF-906E-2B6F0714DC14}.Debug|x64.Deploy.0 = Debug|iPhone
		{DC9DE248-0F8D-48CF-906E-2B6F0714DC14}.Debug|x86.ActiveCfg = Debug|iPhone
		{DC9DE248-0F8D-48CF-906E-2B6F0714DC14}.Debug|x86.Build.0 = Debug|iPhone
		{DC9DE248-0F8D-48CF-906E-2B6F0714DC14}.Debug|x86.Deploy.0 = Debug|iPhone
		{DC9DE248-0F8D-48CF-906E-2B6F0714DC14}.Release|Any CPU.ActiveCfg = Release|iPhone
		{DC9DE248-0F8D-48CF-906E-2B6F0714DC14}.Release|Any CPU.Build.0 = Release|iPhone
		{DC9DE248-0F8D-48CF-906E-2B6F0714DC14}.Release|Any CPU.Deploy.0 = Release|iPhone
		{DC9DE248-0F8D-48CF-906E-2B6F0714DC14}.Release|ARM.ActiveCfg = Release|iPhone
		{DC9DE248-0F8D-48CF-906E-2B6F0714DC14}.Release|ARM.Build.0 = Release|iPhone
		{DC9DE248-0F8D-48CF-906E-2B6F0714DC14}.Release|ARM.Deploy.0 = Release|iPhone
		{DC9DE248-0F8D-48CF-906E-2B6F0714DC14}.Release|iPhone.ActiveCfg = Release|iPhone
		{DC9DE248-0F8D-48CF-906E-2B6F0714DC14}.Release|iPhone.Build.0 = Release|iPhone
		{DC9DE248-0F8D-48CF-906E-2B6F0714DC14}.Release|iPhone.Deploy.0 = Release|iPhone
		{DC9DE248-0F8D-48CF-906E-2B6F0714DC14}.Release|iPhoneSimulator.ActiveCfg = Release|iPhoneSimulator
		{DC9DE248-0F8D-48CF-906E-2B6F0714DC14}.Release|iPhoneSimulator.Build.0 = Release|iPhoneSimulator
		{DC9DE248-0F8D-48CF-906E-2B6F0714DC14}.Release|iPhoneSimulator.Deploy.0 = Release|iPhoneSimulator
		{DC9DE248-0F8D-48CF-906E-2B6F0714DC14}.Release|x64.ActiveCfg = Release|iPhone
		{DC9DE248-0F8D-48CF-906E-2B6F0714DC14}.Release|x64.Build.0 = Release|iPhone
		{DC9DE248-0F8D-48CF-906E-2B6F0714DC14}.Release|x64.Deploy.0 = Release|iPhone
		{DC9DE248-0F8D-48CF-906E-2B6F0714DC14}.Release|x86.ActiveCfg = Release|iPhone
		{DC9DE248-0F8D-48CF-906E-2B6F0714DC14}.Release|x86.Build.0 = Release|iPhone
		{DC9DE248-0F8D-48CF-906E-2B6F0714DC14}.Release|x86.Deploy.0 = Release|iPhone
		{A35EB597-6BBE-48E1-911B-A7596AD059C1}.Ad-Hoc|Any CPU.ActiveCfg = Release|x86
		{A35EB597-6BBE-48E1-911B-A7596AD059C1}.Ad-Hoc|Any CPU.Build.0 = Release|x86
		{A35EB597-6BBE-48E1-911B-A7596AD059C1}.Ad-Hoc|Any CPU.Deploy.0 = Release|x86
		{A35EB597-6BBE-48E1-911B-A7596AD059C1}.Ad-Hoc|ARM.ActiveCfg = Release|ARM
		{A35EB597-6BBE-48E1-911B-A7596AD059C1}.Ad-Hoc|ARM.Build.0 = Release|ARM
		{A35EB597-6BBE-48E1-911B-A7596AD059C1}.Ad-Hoc|ARM.Deploy.0 = Release|ARM
		{A35EB597-6BBE-48E1-911B-A7596AD059C1}.Ad-Hoc|iPhone.ActiveCfg = Release|x86
		{A35EB597-6BBE-48E1-911B-A7596AD059C1}.Ad-Hoc|iPhone.Build.0 = Release|x86
		{A35EB597-6BBE-48E1-911B-A7596AD059C1}.Ad-Hoc|iPhone.Deploy.0 = Release|x86
		{A35EB597-6BBE-48E1-911B-A7596AD059C1}.Ad-Hoc|iPhoneSimulator.ActiveCfg = Release|x86
		{A35EB597-6BBE-48E1-911B-A7596AD059C1}.Ad-Hoc|iPhoneSimulator.Build.0 = Release|x86
		{A35EB597-6BBE-48E1-911B-A7596AD059C1}.Ad-Hoc|iPhoneSimulator.Deploy.0 = Release|x86
		{A35EB597-6BBE-48E1-911B-A7596AD059C1}.Ad-Hoc|x64.ActiveCfg = Release|x64
		{A35EB597-6BBE-48E1-911B-A7596AD059C1}.Ad-Hoc|x64.Build.0 = Release|x64
		{A35EB597-6BBE-48E1-911B-A7596AD059C1}.Ad-Hoc|x64.Deploy.0 = Release|x64
		{A35EB597-6BBE-48E1-911B-A7596AD059C1}.Ad-Hoc|x86.ActiveCfg = Release|x86
		{A35EB597-6BBE-48E1-911B-A7596AD059C1}.Ad-Hoc|x86.Build.0 = Release|x86
		{A35EB597-6BBE-48E1-911B-A7596AD059C1}.Ad-Hoc|x86.Deploy.0 = Release|x86
		{A35EB597-6BBE-48E1-911B-A7596AD059C1}.AppStore|Any CPU.ActiveCfg = Release|x86
		{A35EB597-6BBE-48E1-911B-A7596AD059C1}.AppStore|Any CPU.Build.0 = Release|x86
		{A35EB597-6BBE-48E1-911B-A7596AD059C1}.AppStore|Any CPU.Deploy.0 = Release|x86
		{A35EB597-6BBE-48E1-911B-A7596AD059C1}.AppStore|ARM.ActiveCfg = Release|ARM
		{A35EB597-6BBE-48E1-911B-A7596AD059C1}.AppStore|ARM.Build.0 = Release|ARM
		{A35EB597-6BBE-48E1-911B-A7596AD059C1}.AppStore|ARM.Deploy.0 = Release|ARM
		{A35EB597-6BBE-48E1-911B-A7596AD059C1}.AppStore|iPhone.ActiveCfg = Release|x86
		{A35EB597-6BBE-48E1-911B-A7596AD059C1}.AppStore|iPhone.Build.0 = Release|x86
		{A35EB597-6BBE-48E1-911B-A7596AD059C1}.AppStore|iPhone.Deploy.0 = Release|x86
		{A35EB597-6BBE-48E1-911B-A7596AD059C1}.AppStore|iPhoneSimulator.ActiveCfg = Release|x86
		{A35EB597-6BBE-48E1-911B-A7596AD059C1}.AppStore|iPhoneSimulator.Build.0 = Release|x86
		{A35EB597-6BBE-48E1-911B-A7596AD059C1}.AppStore|iPhoneSimulator.Deploy.0 = Release|x86
		{A35EB597-6BBE-48E1-911B-A7596AD059C1}.AppStore|x64.ActiveCfg = Release|x64
		{A35EB597-6BBE-48E1-911B-A7596AD059C1}.AppStore|x64.Build.0 = Release|x64
		{A35EB597-6BBE-48E1-911B-A7596AD059C1}.AppStore|x64.Deploy.0 = Release|x64
		{A35EB597-6BBE-48E1-911B-A7596AD059C1}.AppStore|x86.ActiveCfg = Release|x86
		{A35EB597-6BBE-48E1-911B-A7596AD059C1}.AppStore|x86.Build.0 = Release|x86
		{A35EB597-6BBE-48E1-911B-A7596AD059C1}.AppStore|x86.Deploy.0 = Release|x86
		{A35EB597-6BBE-48E1-911B-A7596AD059C1}.Debug|Any CPU.ActiveCfg = Debug|x86
		{A35EB597-6BBE-48E1-911B-A7596AD059C1}.Debug|Any CPU.Build.0 = Debug|x86
		{A35EB597-6BBE-48E1-911B-A7596AD059C1}.Debug|Any CPU.Deploy.0 = Debug|x86
		{A35EB597-6BBE-48E1-911B-A7596AD059C1}.Debug|ARM.ActiveCfg = Debug|ARM
		{A35EB597-6BBE-48E1-911B-A7596AD059C1}.Debug|ARM.Build.0 = Debug|ARM
		{A35EB597-6BBE-48E1-911B-A7596AD059C1}.Debug|ARM.Deploy.0 = Debug|ARM
		{A35EB597-6BBE-48E1-911B-A7596AD059C1}.Debug|iPhone.ActiveCfg = Debug|x86
		{A35EB597-6BBE-48E1-911B-A7596AD059C1}.Debug|iPhone.Build.0 = Debug|x86
		{A35EB597-6BBE-48E1-911B-A7596AD059C1}.Debug|iPhone.Deploy.0 = Debug|x86
		{A35EB597-6BBE-48E1-911B-A7596AD059C1}.Debug|iPhoneSimulator.ActiveCfg = Debug|x86
		{A35EB597-6BBE-48E1-911B-A7596AD059C1}.Debug|iPhoneSimulator.Build.0 = Debug|x86
		{A35EB597-6BBE-48E1-911B-A7596AD059C1}.Debug|iPhoneSimulator.Deploy.0 = Debug|x86
		{A35EB597-6BBE-48E1-911B-A7596AD059C1}.Debug|x64.ActiveCfg = Debug|x64
		{A35EB597-6BBE-48E1-911B-A7596AD059C1}.Debug|x64.Build.0 = Debug|x64
		{A35EB597-6BBE-48E1-911B-A7596AD059C1}.Debug|x64.Deploy.0 = Debug|x64
		{A35EB597-6BBE-48E1-911B-A7596AD059C1}.Debug|x86.ActiveCfg = Debug|x86
		{A35EB597-6BBE-48E1-911B-A7596AD059C1}.Debug|x86.Build.0 = Debug|x86
		{A35EB597-6BBE-48E1-911B-A7596AD059C1}.Debug|x86.Deploy.0 = Debug|x86
		{A35EB597-6BBE-48E1-911B-A7596AD059C1}.Release|Any CPU.ActiveCfg = Release|x86
		{A35EB597-6BBE-48E1-911B-A7596AD059C1}.Release|Any CPU.Build.0 = Release|x86
		{A35EB597-6BBE-48E1-911B-A7596AD059C1}.Release|Any CPU.Deploy.0 = Release|x86
		{A35EB597-6BBE-48E1-911B-A7596AD059C1}.Release|ARM.ActiveCfg = Release|ARM
		{A35EB597-6BBE-48E1-911B-A7596AD059C1}.Release|ARM.Build.0 = Release|ARM
		{A35EB597-6BBE-48E1-911B-A7596AD059C1}.Release|ARM.Deploy.0 = Release|ARM
		{A35EB597-6BBE-48E1-911B-A7596AD059C1}.Release|iPhone.ActiveCfg = Release|x86
		{A35EB597-6BBE-48E1-911B-A7596AD059C1}.Release|iPhone.Build.0 = Release|x86
		{A35EB597-6BBE-48E1-911B-A7596AD059C1}.Release|iPhone.Deploy.0 = Release|x86
		{A35EB597-6BBE-48E1-911B-A7596AD059C1}.Release|iPhoneSimulator.ActiveCfg = Release|x86
		{A35EB597-6BBE-48E1-911B-A7596AD059C1}.Release|iPhoneSimulator.Build.0 = Release|x86
		{A35EB597-6BBE-48E1-911B-A7596AD059C1}.Release|iPhoneSimulator.Deploy.0 = Release|x86
		{A35EB597-6BBE-48E1-911B-A7596AD059C1}.Release|x64.ActiveCfg = Release|x64
		{A35EB597-6BBE-48E1-911B-A7596AD059C1}.Release|x64.Build.0 = Release|x64
		{A35EB597-6BBE-48E1-911B-A7596AD059C1}.Release|x64.Deploy.0 = Release|x64
		{A35EB597-6BBE-48E1-911B-A7596AD059C1}.Release|x86.ActiveCfg = Release|x86
		{A35EB597-6BBE-48E1-911B-A7596AD059C1}.Release|x86.Build.0 = Release|x86
		{A35EB597-6BBE-48E1-911B-A7596AD059C1}.Release|x86.Deploy.0 = Release|x86
		{A3449229-71D6-4301-9333-97E26048CFD8}.Ad-Hoc|Any CPU.ActiveCfg = Debug|Any CPU
		{A3449229-71D6-4301-9333-97E26048CFD8}.Ad-Hoc|Any CPU.Build.0 = Debug|Any CPU
		{A3449229-71D6-4301-9333-97E26048CFD8}.Ad-Hoc|Any CPU.Deploy.0 = Debug|Any CPU
		{A3449229-71D6-4301-9333-97E26048CFD8}.Ad-Hoc|ARM.ActiveCfg = Debug|Any CPU
		{A3449229-71D6-4301-9333-97E26048CFD8}.Ad-Hoc|ARM.Build.0 = Debug|Any CPU
		{A3449229-71D6-4301-9333-97E26048CFD8}.Ad-Hoc|ARM.Deploy.0 = Debug|Any CPU
		{A3449229-71D6-4301-9333-97E26048CFD8}.Ad-Hoc|iPhone.ActiveCfg = Debug|Any CPU
		{A3449229-71D6-4301-9333-97E26048CFD8}.Ad-Hoc|iPhone.Build.0 = Debug|Any CPU
		{A3449229-71D6-4301-9333-97E26048CFD8}.Ad-Hoc|iPhone.Deploy.0 = Debug|Any CPU
		{A3449229-71D6-4301-9333-97E26048CFD8}.Ad-Hoc|iPhoneSimulator.ActiveCfg = Debug|Any CPU
		{A3449229-71D6-4301-9333-97E26048CFD8}.Ad-Hoc|iPhoneSimulator.Build.0 = Debug|Any CPU
		{A3449229-71D6-4301-9333-97E26048CFD8}.Ad-Hoc|iPhoneSimulator.Deploy.0 = Debug|Any CPU
		{A3449229-71D6-4301-9333-97E26048CFD8}.Ad-Hoc|x64.ActiveCfg = Debug|Any CPU
		{A3449229-71D6-4301-9333-97E26048CFD8}.Ad-Hoc|x64.Build.0 = Debug|Any CPU
		{A3449229-71D6-4301-9333-97E26048CFD8}.Ad-Hoc|x64.Deploy.0 = Debug|Any CPU
		{A3449229-71D6-4301-9333-97E26048CFD8}.Ad-Hoc|x86.ActiveCfg = Debug|Any CPU
		{A3449229-71D6-4301-9333-97E26048CFD8}.Ad-Hoc|x86.Build.0 = Debug|Any CPU
		{A3449229-71D6-4301-9333-97E26048CFD8}.Ad-Hoc|x86.Deploy.0 = Debug|Any CPU
		{A3449229-71D6-4301-9333-97E26048CFD8}.AppStore|Any CPU.ActiveCfg = Debug|Any CPU
		{A3449229-71D6-4301-9333-97E26048CFD8}.AppStore|Any CPU.Build.0 = Debug|Any CPU
		{A3449229-71D6-4301-9333-97E26048CFD8}.AppStore|Any CPU.Deploy.0 = Debug|Any CPU
		{A3449229-71D6-4301-9333-97E26048CFD8}.AppStore|ARM.ActiveCfg = Debug|Any CPU
		{A3449229-71D6-4301-9333-97E26048CFD8}.AppStore|ARM.Build.0 = Debug|Any CPU
		{A3449229-71D6-4301-9333-97E26048CFD8}.AppStore|ARM.Deploy.0 = Debug|Any CPU
		{A3449229-71D6-4301-9333-97E26048CFD8}.AppStore|iPhone.ActiveCfg = Debug|Any CPU
		{A3449229-71D6-4301-9333-97E26048CFD8}.AppStore|iPhone.Build.0 = Debug|Any CPU
		{A3449229-71D6-4301-9333-97E26048CFD8}.AppStore|iPhone.Deploy.0 = Debug|Any CPU
		{A3449229-71D6-4301-9333-97E26048CFD8}.AppStore|iPhoneSimulator.ActiveCfg = Debug|Any CPU
		{A3449229-71D6-4301-9333-97E26048CFD8}.AppStore|iPhoneSimulator.Build.0 = Debug|Any CPU
		{A3449229-71D6-4301-9333-97E26048CFD8}.AppStore|iPhoneSimulator.Deploy.0 = Debug|Any CPU
		{A3449229-71D6-4301-9333-97E26048CFD8}.AppStore|x64.ActiveCfg = Debug|Any CPU
		{A3449229-71D6-4301-9333-97E26048CFD8}.AppStore|x64.Build.0 = Debug|Any CPU
		{A3449229-71D6-4301-9333-97E26048CFD8}.AppStore|x64.Deploy.0 = Debug|Any CPU
		{A3449229-71D6-4301-9333-97E26048CFD8}.AppStore|x86.ActiveCfg = Debug|Any CPU
		{A3449229-71D6-4301-9333-97E26048CFD8}.AppStore|x86.Build.0 = Debug|Any CPU
		{A3449229-71D6-4301-9333-97E26048CFD8}.AppStore|x86.Deploy.0 = Debug|Any CPU
		{A3449229-71D6-4301-9333-97E26048CFD8}.Debug|Any CPU.ActiveCfg = Debug|Any CPU
		{A3449229-71D6-4301-9333-97E26048CFD8}.Debug|Any CPU.Build.0 = Debug|Any CPU
		{A3449229-71D6-4301-9333-97E26048CFD8}.Debug|Any CPU.Deploy.0 = Debug|Any CPU
		{A3449229-71D6-4301-9333-97E26048CFD8}.Debug|ARM.ActiveCfg = Debug|Any CPU
		{A3449229-71D6-4301-9333-97E26048CFD8}.Debug|ARM.Build.0 = Debug|Any CPU
		{A3449229-71D6-4301-9333-97E26048CFD8}.Debug|ARM.Deploy.0 = Debug|Any CPU
		{A3449229-71D6-4301-9333-97E26048CFD8}.Debug|iPhone.ActiveCfg = Debug|Any CPU
		{A3449229-71D6-4301-9333-97E26048CFD8}.Debug|iPhone.Build.0 = Debug|Any CPU
		{A3449229-71D6-4301-9333-97E26048CFD8}.Debug|iPhone.Deploy.0 = Debug|Any CPU
		{A3449229-71D6-4301-9333-97E26048CFD8}.Debug|iPhoneSimulator.ActiveCfg = Debug|Any CPU
		{A3449229-71D6-4301-9333-97E26048CFD8}.Debug|iPhoneSimulator.Build.0 = Debug|Any CPU
		{A3449229-71D6-4301-9333-97E26048CFD8}.Debug|iPhoneSimulator.Deploy.0 = Debug|Any CPU
		{A3449229-71D6-4301-9333-97E26048CFD8}.Debug|x64.ActiveCfg = Debug|Any CPU
		{A3449229-71D6-4301-9333-97E26048CFD8}.Debug|x64.Build.0 = Debug|Any CPU
		{A3449229-71D6-4301-9333-97E26048CFD8}.Debug|x64.Deploy.0 = Debug|Any CPU
		{A3449229-71D6-4301-9333-97E26048CFD8}.Debug|x86.ActiveCfg = Debug|Any CPU
		{A3449229-71D6-4301-9333-97E26048CFD8}.Debug|x86.Build.0 = Debug|Any CPU
		{A3449229-71D6-4301-9333-97E26048CFD8}.Debug|x86.Deploy.0 = Debug|Any CPU
		{A3449229-71D6-4301-9333-97E26048CFD8}.Release|Any CPU.ActiveCfg = Release|Any CPU
		{A3449229-71D6-4301-9333-97E26048CFD8}.Release|Any CPU.Build.0 = Release|Any CPU
		{A3449229-71D6-4301-9333-97E26048CFD8}.Release|Any CPU.Deploy.0 = Release|Any CPU
		{A3449229-71D6-4301-9333-97E26048CFD8}.Release|ARM.ActiveCfg = Release|Any CPU
		{A3449229-71D6-4301-9333-97E26048CFD8}.Release|ARM.Build.0 = Release|Any CPU
		{A3449229-71D6-4301-9333-97E26048CFD8}.Release|ARM.Deploy.0 = Release|Any CPU
		{A3449229-71D6-4301-9333-97E26048CFD8}.Release|iPhone.ActiveCfg = Release|Any CPU
		{A3449229-71D6-4301-9333-97E26048CFD8}.Release|iPhone.Build.0 = Release|Any CPU
		{A3449229-71D6-4301-9333-97E26048CFD8}.Release|iPhone.Deploy.0 = Release|Any CPU
		{A3449229-71D6-4301-9333-97E26048CFD8}.Release|iPhoneSimulator.ActiveCfg = Release|Any CPU
		{A3449229-71D6-4301-9333-97E26048CFD8}.Release|iPhoneSimulator.Build.0 = Release|Any CPU
		{A3449229-71D6-4301-9333-97E26048CFD8}.Release|iPhoneSimulator.Deploy.0 = Release|Any CPU
		{A3449229-71D6-4301-9333-97E26048CFD8}.Release|x64.ActiveCfg = Release|Any CPU
		{A3449229-71D6-4301-9333-97E26048CFD8}.Release|x64.Build.0 = Release|Any CPU
		{A3449229-71D6-4301-9333-97E26048CFD8}.Release|x64.Deploy.0 = Release|Any CPU
		{A3449229-71D6-4301-9333-97E26048CFD8}.Release|x86.ActiveCfg = Release|Any CPU
		{A3449229-71D6-4301-9333-97E26048CFD8}.Release|x86.Build.0 = Release|Any CPU
		{A3449229-71D6-4301-9333-97E26048CFD8}.Release|x86.Deploy.0 = Release|Any CPU
	EndGlobalSection
	GlobalSection(SolutionProperties) = preSolution
		HideSolutionNode = FALSE
	EndGlobalSection
	GlobalSection(ExtensibilityGlobals) = postSolution
		SolutionGuid = {948BCA06-8DC5-43D3-8727-8FC478365053}
	EndGlobalSection
EndGlobal
